PODS:
  - Alamofire (1.2.0)
  - Nimble (0.3.0)
  - PrintlnMagic (1.2.1)
  - Quick (0.2.2)

DEPENDENCIES:
  - Alamofire (= 1.2.0)
  - Nimble (= 0.3.0)
  - PrintlnMagic (= 1.2.1)
  - Quick (= 0.2.2)

SPEC CHECKSUMS:
  Alamofire: d765c5c1713aa64106b0228aaa600a1e6851f68d
  Nimble: 55fef248ef3703024ce431db817160ad24d89ba3
  PrintlnMagic: c0a6bcf79a35d215b8abea62facad33836bbaeb2
  Quick: 1bda8b4c8d43f6b4dd69ca001918b1767b3c9c93

COCOAPODS: 0.36.3
