// !$*UTF8*$!
{
	archiveVersion = 1;
	classes = {
	};
	objectVersion = 46;
	objects = {

/* Begin PBXBuildFile section */
		2C5368C61ACC1710D6958389 /* Pods_iSickbeardTests.framework in Frameworks */ = {isa = PBXBuildFile; fileRef = 4D73DED24AA33B71B0B8C3C5 /* Pods_iSickbeardTests.framework */; settings = {ATTRIBUTES = (Weak, ); }; };
		91F937BC85D7C62B5EDBC723 /* Pods_iSickbeard.framework in Frameworks */ = {isa = PBXBuildFile; fileRef = BD536AE6A1B06DC940DD83F9 /* Pods_iSickbeard.framework */; settings = {ATTRIBUTES = (Weak, ); }; };
		DD1166D41B25A1B400A8BCF0 /* Crashlytics.framework in Frameworks */ = {isa = PBXBuildFile; fileRef = DD1166D31B25A1B400A8BCF0 /* Crashlytics.framework */; };
		DD3FF4191A7EAE4500941D39 /* ServerSpec.swift in Sources */ = {isa = PBXBuildFile; fileRef = DD3FF4181A7EAE4500941D39 /* ServerSpec.swift */; };
		DD3FF41A1A7EAEE000941D39 /* Server.swift in Sources */ = {isa = PBXBuildFile; fileRef = DDAFFEBD1A7C22AF003DCCBD /* Server.swift */; };
		DD3FF41B1A7EAEE400941D39 /* Show.swift in Sources */ = {isa = PBXBuildFile; fileRef = DDAFFEBF1A7C3DD2003DCCBD /* Show.swift */; };
		DD3FF41C1A7EAEE400941D39 /* QualitySetting.swift in Sources */ = {isa = PBXBuildFile; fileRef = DD7AD6371A7CD39400477A48 /* QualitySetting.swift */; };
		DD3FF41E1A7ED65700941D39 /* ShowSpec.swift in Sources */ = {isa = PBXBuildFile; fileRef = DD3FF41D1A7ED65700941D39 /* ShowSpec.swift */; };
		DD3FF4201A7ED9A300941D39 /* Episode.swift in Sources */ = {isa = PBXBuildFile; fileRef = DD3FF41F1A7ED9A300941D39 /* Episode.swift */; };
		DD3FF4211A7ED9A300941D39 /* Episode.swift in Sources */ = {isa = PBXBuildFile; fileRef = DD3FF41F1A7ED9A300941D39 /* Episode.swift */; };
		DD3FF4231A7EDA7500941D39 /* EpisodeStatus.swift in Sources */ = {isa = PBXBuildFile; fileRef = DD3FF4221A7EDA7500941D39 /* EpisodeStatus.swift */; };
		DD3FF4241A7EDA7500941D39 /* EpisodeStatus.swift in Sources */ = {isa = PBXBuildFile; fileRef = DD3FF4221A7EDA7500941D39 /* EpisodeStatus.swift */; };
		DD3FF4261A7EE1A200941D39 /* EpisodeSpec.swift in Sources */ = {isa = PBXBuildFile; fileRef = DD3FF4251A7EE1A200941D39 /* EpisodeSpec.swift */; };
		DD3FF42F1A7EE4B900941D39 /* StringExtensionsSpec.swift in Sources */ = {isa = PBXBuildFile; fileRef = DD3FF42E1A7EE4B900941D39 /* StringExtensionsSpec.swift */; };
		DD3FF4311A7EE67800941D39 /* String.swift in Sources */ = {isa = PBXBuildFile; fileRef = DD3FF4301A7EE67800941D39 /* String.swift */; };
		DD3FF4321A7EE67800941D39 /* String.swift in Sources */ = {isa = PBXBuildFile; fileRef = DD3FF4301A7EE67800941D39 /* String.swift */; };
		DD3FF4351A7EE72700941D39 /* DictionaryConvertible.swift in Sources */ = {isa = PBXBuildFile; fileRef = DD3FF4341A7EE72700941D39 /* DictionaryConvertible.swift */; };
		DD3FF4361A7EE72700941D39 /* DictionaryConvertible.swift in Sources */ = {isa = PBXBuildFile; fileRef = DD3FF4341A7EE72700941D39 /* DictionaryConvertible.swift */; };
		DD6331D21A7E4EEA0029E25A /* Sickbeard.swift in Sources */ = {isa = PBXBuildFile; fileRef = DD6331D11A7E4EEA0029E25A /* Sickbeard.swift */; };
		DD7AD6381A7CD39400477A48 /* QualitySetting.swift in Sources */ = {isa = PBXBuildFile; fileRef = DD7AD6371A7CD39400477A48 /* QualitySetting.swift */; };
		DD941D2C1B26448B00031D10 /* NSBundle.swift in Sources */ = {isa = PBXBuildFile; fileRef = DD941D2B1B26448B00031D10 /* NSBundle.swift */; };
		DDAFFE981A7C0679003DCCBD /* Main.storyboard in Resources */ = {isa = PBXBuildFile; fileRef = DDAFFE961A7C0679003DCCBD /* Main.storyboard */; };
		DDAFFE9A1A7C0679003DCCBD /* Images.xcassets in Resources */ = {isa = PBXBuildFile; fileRef = DDAFFE991A7C0679003DCCBD /* Images.xcassets */; };
		DDAFFE9D1A7C0679003DCCBD /* LaunchScreen.xib in Resources */ = {isa = PBXBuildFile; fileRef = DDAFFE9B1A7C0679003DCCBD /* LaunchScreen.xib */; };
		DDAFFEB91A7C1246003DCCBD /* AppDelegate.swift in Sources */ = {isa = PBXBuildFile; fileRef = DDAFFEB81A7C1246003DCCBD /* AppDelegate.swift */; };
		DDAFFEBB1A7C1268003DCCBD /* AboutViewController.swift in Sources */ = {isa = PBXBuildFile; fileRef = DDAFFEBA1A7C1268003DCCBD /* AboutViewController.swift */; };
		DDAFFEBE1A7C22AF003DCCBD /* Server.swift in Sources */ = {isa = PBXBuildFile; fileRef = DDAFFEBD1A7C22AF003DCCBD /* Server.swift */; };
		DDAFFEC01A7C3DD2003DCCBD /* Show.swift in Sources */ = {isa = PBXBuildFile; fileRef = DDAFFEBF1A7C3DD2003DCCBD /* Show.swift */; };
		DDB5F73A1A7DA210006F3F3E /* AssetsLibrary.framework in Frameworks */ = {isa = PBXBuildFile; fileRef = DDB5F7391A7DA210006F3F3E /* AssetsLibrary.framework */; };
		DDB5F73C1A7DA216006F3F3E /* CoreGraphics.framework in Frameworks */ = {isa = PBXBuildFile; fileRef = DDB5F73B1A7DA216006F3F3E /* CoreGraphics.framework */; };
		DDB5F73E1A7DA21C006F3F3E /* CoreText.framework in Frameworks */ = {isa = PBXBuildFile; fileRef = DDB5F73D1A7DA21C006F3F3E /* CoreText.framework */; };
		DDB5F7401A7DA221006F3F3E /* MobileCoreServices.framework in Frameworks */ = {isa = PBXBuildFile; fileRef = DDB5F73F1A7DA221006F3F3E /* MobileCoreServices.framework */; };
		DDB5F7421A7DA227006F3F3E /* QuartzCore.framework in Frameworks */ = {isa = PBXBuildFile; fileRef = DDB5F7411A7DA227006F3F3E /* QuartzCore.framework */; };
		DDB5F7441A7DA230006F3F3E /* QuickLook.framework in Frameworks */ = {isa = PBXBuildFile; fileRef = DDB5F7431A7DA230006F3F3E /* QuickLook.framework */; };
		DDB5F7461A7DA234006F3F3E /* Security.framework in Frameworks */ = {isa = PBXBuildFile; fileRef = DDB5F7451A7DA234006F3F3E /* Security.framework */; };
		DDB5F7481A7DA23B006F3F3E /* SystemConfiguration.framework in Frameworks */ = {isa = PBXBuildFile; fileRef = DDB5F7471A7DA23B006F3F3E /* SystemConfiguration.framework */; };
		DDD4ED0A1A80329A00746537 /* Dictionary.swift in Sources */ = {isa = PBXBuildFile; fileRef = DDD4ED091A80329A00746537 /* Dictionary.swift */; };
		DDD4ED0B1A80329A00746537 /* Dictionary.swift in Sources */ = {isa = PBXBuildFile; fileRef = DDD4ED091A80329A00746537 /* Dictionary.swift */; };
		DDD4ED0D1A80336700746537 /* DictionaryExtensionSpec.swift in Sources */ = {isa = PBXBuildFile; fileRef = DDD4ED0C1A80336700746537 /* DictionaryExtensionSpec.swift */; };
		DDF520941B28359300D4E383 /* Fabric.framework in Frameworks */ = {isa = PBXBuildFile; fileRef = DDF520921B28355A00D4E383 /* Fabric.framework */; };
		DDF6C4151B114C30000E698A /* GlobalConstants.swift in Sources */ = {isa = PBXBuildFile; fileRef = DDF6C4141B114C30000E698A /* GlobalConstants.swift */; };
		DDF6C41A1B11D29B000E698A /* GlobalConstants.swift in Sources */ = {isa = PBXBuildFile; fileRef = DDF6C4141B114C30000E698A /* GlobalConstants.swift */; };
/* End PBXBuildFile section */

/* Begin PBXContainerItemProxy section */
		DDAFFEA31A7C067A003DCCBD /* PBXContainerItemProxy */ = {
			isa = PBXContainerItemProxy;
			containerPortal = DDAFFE851A7C0679003DCCBD /* Project object */;
			proxyType = 1;
			remoteGlobalIDString = DDAFFE8C1A7C0679003DCCBD;
			remoteInfo = iSickbeard;
		};
/* End PBXContainerItemProxy section */

/* Begin PBXFileReference section */
		18DEDD08550BD7494A24624D /* Pods-iSickbeardTests.adhoc.xcconfig */ = {isa = PBXFileReference; includeInIndex = 1; lastKnownFileType = text.xcconfig; name = "Pods-iSickbeardTests.adhoc.xcconfig"; path = "../Pods/Target Support Files/Pods-iSickbeardTests/Pods-iSickbeardTests.adhoc.xcconfig"; sourceTree = "<group>"; };
		3B137B53C5F25F62E434ACCB /* Pods-iSickbeardTests.debug.xcconfig */ = {isa = PBXFileReference; includeInIndex = 1; lastKnownFileType = text.xcconfig; name = "Pods-iSickbeardTests.debug.xcconfig"; path = "../Pods/Target Support Files/Pods-iSickbeardTests/Pods-iSickbeardTests.debug.xcconfig"; sourceTree = "<group>"; };
		4D73DED24AA33B71B0B8C3C5 /* Pods_iSickbeardTests.framework */ = {isa = PBXFileReference; explicitFileType = wrapper.framework; includeInIndex = 0; path = Pods_iSickbeardTests.framework; sourceTree = BUILT_PRODUCTS_DIR; };
		556C313941A1C5B6E3200B57 /* Pods-iSickbeard.debug.xcconfig */ = {isa = PBXFileReference; includeInIndex = 1; lastKnownFileType = text.xcconfig; name = "Pods-iSickbeard.debug.xcconfig"; path = "../Pods/Target Support Files/Pods-iSickbeard/Pods-iSickbeard.debug.xcconfig"; sourceTree = "<group>"; };
		BD536AE6A1B06DC940DD83F9 /* Pods_iSickbeard.framework */ = {isa = PBXFileReference; explicitFileType = wrapper.framework; includeInIndex = 0; path = Pods_iSickbeard.framework; sourceTree = BUILT_PRODUCTS_DIR; };
		DD1166D31B25A1B400A8BCF0 /* Crashlytics.framework */ = {isa = PBXFileReference; lastKnownFileType = wrapper.framework; path = Crashlytics.framework; sourceTree = "<group>"; };
		DD3FF4181A7EAE4500941D39 /* ServerSpec.swift */ = {isa = PBXFileReference; fileEncoding = 4; lastKnownFileType = sourcecode.swift; path = ServerSpec.swift; sourceTree = "<group>"; };
		DD3FF41D1A7ED65700941D39 /* ShowSpec.swift */ = {isa = PBXFileReference; fileEncoding = 4; lastKnownFileType = sourcecode.swift; path = ShowSpec.swift; sourceTree = "<group>"; };
		DD3FF41F1A7ED9A300941D39 /* Episode.swift */ = {isa = PBXFileReference; fileEncoding = 4; lastKnownFileType = sourcecode.swift; path = Episode.swift; sourceTree = "<group>"; };
		DD3FF4221A7EDA7500941D39 /* EpisodeStatus.swift */ = {isa = PBXFileReference; fileEncoding = 4; lastKnownFileType = sourcecode.swift; path = EpisodeStatus.swift; sourceTree = "<group>"; };
		DD3FF4251A7EE1A200941D39 /* EpisodeSpec.swift */ = {isa = PBXFileReference; fileEncoding = 4; lastKnownFileType = sourcecode.swift; path = EpisodeSpec.swift; sourceTree = "<group>"; };
		DD3FF42E1A7EE4B900941D39 /* StringExtensionsSpec.swift */ = {isa = PBXFileReference; fileEncoding = 4; lastKnownFileType = sourcecode.swift; path = StringExtensionsSpec.swift; sourceTree = "<group>"; };
		DD3FF4301A7EE67800941D39 /* String.swift */ = {isa = PBXFileReference; fileEncoding = 4; lastKnownFileType = sourcecode.swift; path = String.swift; sourceTree = "<group>"; };
		DD3FF4341A7EE72700941D39 /* DictionaryConvertible.swift */ = {isa = PBXFileReference; fileEncoding = 4; lastKnownFileType = sourcecode.swift; path = DictionaryConvertible.swift; sourceTree = "<group>"; };
		DD410F501A7D044800F98B08 /* Pods-iSickbeard.adhoc.xcconfig */ = {isa = PBXFileReference; fileEncoding = 4; lastKnownFileType = text.xcconfig; name = "Pods-iSickbeard.adhoc.xcconfig"; path = "../Pods/Target Support Files/Pods-iSickbeard/Pods-iSickbeard.adhoc.xcconfig"; sourceTree = "<group>"; };
		DD6331D11A7E4EEA0029E25A /* Sickbeard.swift */ = {isa = PBXFileReference; fileEncoding = 4; lastKnownFileType = sourcecode.swift; path = Sickbeard.swift; sourceTree = "<group>"; };
		DD7114471B073ECE00926EEC /* Pods-iSickbeardTests.appstore.xcconfig */ = {isa = PBXFileReference; fileEncoding = 4; lastKnownFileType = text.xcconfig; name = "Pods-iSickbeardTests.appstore.xcconfig"; path = "../Pods/Target Support Files/Pods-iSickbeardTests/Pods-iSickbeardTests.appstore.xcconfig"; sourceTree = "<group>"; };
		DD7114491B073F0700926EEC /* Pods-iSickbeard.appstore.xcconfig */ = {isa = PBXFileReference; fileEncoding = 4; lastKnownFileType = text.xcconfig; name = "Pods-iSickbeard.appstore.xcconfig"; path = "../Pods/Target Support Files/Pods-iSickbeard/Pods-iSickbeard.appstore.xcconfig"; sourceTree = "<group>"; };
		DD7AD6371A7CD39400477A48 /* QualitySetting.swift */ = {isa = PBXFileReference; fileEncoding = 4; lastKnownFileType = sourcecode.swift; path = QualitySetting.swift; sourceTree = "<group>"; };
		DD941D2B1B26448B00031D10 /* NSBundle.swift */ = {isa = PBXFileReference; fileEncoding = 4; lastKnownFileType = sourcecode.swift; path = NSBundle.swift; sourceTree = "<group>"; };
		DDAFFE8D1A7C0679003DCCBD /* iSickbeard.app */ = {isa = PBXFileReference; explicitFileType = wrapper.application; includeInIndex = 0; path = iSickbeard.app; sourceTree = BUILT_PRODUCTS_DIR; };
		DDAFFE911A7C0679003DCCBD /* Info.plist */ = {isa = PBXFileReference; lastKnownFileType = text.plist.xml; path = Info.plist; sourceTree = "<group>"; };
		DDAFFE971A7C0679003DCCBD /* Base */ = {isa = PBXFileReference; lastKnownFileType = file.storyboard; name = Base; path = Base.lproj/Main.storyboard; sourceTree = "<group>"; };
		DDAFFE991A7C0679003DCCBD /* Images.xcassets */ = {isa = PBXFileReference; lastKnownFileType = folder.assetcatalog; path = Images.xcassets; sourceTree = "<group>"; };
		DDAFFE9C1A7C0679003DCCBD /* Base */ = {isa = PBXFileReference; lastKnownFileType = file.xib; name = Base; path = Base.lproj/LaunchScreen.xib; sourceTree = "<group>"; };
		DDAFFEA21A7C067A003DCCBD /* iSickbeardTests.xctest */ = {isa = PBXFileReference; explicitFileType = wrapper.cfbundle; includeInIndex = 0; path = iSickbeardTests.xctest; sourceTree = BUILT_PRODUCTS_DIR; };
		DDAFFEA71A7C067A003DCCBD /* Info.plist */ = {isa = PBXFileReference; lastKnownFileType = text.plist.xml; path = Info.plist; sourceTree = "<group>"; };
		DDAFFEB81A7C1246003DCCBD /* AppDelegate.swift */ = {isa = PBXFileReference; fileEncoding = 4; lastKnownFileType = sourcecode.swift; path = AppDelegate.swift; sourceTree = "<group>"; };
		DDAFFEBA1A7C1268003DCCBD /* AboutViewController.swift */ = {isa = PBXFileReference; fileEncoding = 4; lastKnownFileType = sourcecode.swift; lineEnding = 0; path = AboutViewController.swift; sourceTree = "<group>"; xcLanguageSpecificationIdentifier = xcode.lang.swift; };
		DDAFFEBD1A7C22AF003DCCBD /* Server.swift */ = {isa = PBXFileReference; fileEncoding = 4; lastKnownFileType = sourcecode.swift; lineEnding = 0; path = Server.swift; sourceTree = "<group>"; xcLanguageSpecificationIdentifier = xcode.lang.swift; };
		DDAFFEBF1A7C3DD2003DCCBD /* Show.swift */ = {isa = PBXFileReference; fileEncoding = 4; lastKnownFileType = sourcecode.swift; path = Show.swift; sourceTree = "<group>"; };
		DDB5F7391A7DA210006F3F3E /* AssetsLibrary.framework */ = {isa = PBXFileReference; lastKnownFileType = wrapper.framework; name = AssetsLibrary.framework; path = System/Library/Frameworks/AssetsLibrary.framework; sourceTree = SDKROOT; };
		DDB5F73B1A7DA216006F3F3E /* CoreGraphics.framework */ = {isa = PBXFileReference; lastKnownFileType = wrapper.framework; name = CoreGraphics.framework; path = System/Library/Frameworks/CoreGraphics.framework; sourceTree = SDKROOT; };
		DDB5F73D1A7DA21C006F3F3E /* CoreText.framework */ = {isa = PBXFileReference; lastKnownFileType = wrapper.framework; name = CoreText.framework; path = System/Library/Frameworks/CoreText.framework; sourceTree = SDKROOT; };
		DDB5F73F1A7DA221006F3F3E /* MobileCoreServices.framework */ = {isa = PBXFileReference; lastKnownFileType = wrapper.framework; name = MobileCoreServices.framework; path = System/Library/Frameworks/MobileCoreServices.framework; sourceTree = SDKROOT; };
		DDB5F7411A7DA227006F3F3E /* QuartzCore.framework */ = {isa = PBXFileReference; lastKnownFileType = wrapper.framework; name = QuartzCore.framework; path = System/Library/Frameworks/QuartzCore.framework; sourceTree = SDKROOT; };
		DDB5F7431A7DA230006F3F3E /* QuickLook.framework */ = {isa = PBXFileReference; lastKnownFileType = wrapper.framework; name = QuickLook.framework; path = System/Library/Frameworks/QuickLook.framework; sourceTree = SDKROOT; };
		DDB5F7451A7DA234006F3F3E /* Security.framework */ = {isa = PBXFileReference; lastKnownFileType = wrapper.framework; name = Security.framework; path = System/Library/Frameworks/Security.framework; sourceTree = SDKROOT; };
		DDB5F7471A7DA23B006F3F3E /* SystemConfiguration.framework */ = {isa = PBXFileReference; lastKnownFileType = wrapper.framework; name = SystemConfiguration.framework; path = System/Library/Frameworks/SystemConfiguration.framework; sourceTree = SDKROOT; };
		DDD4ED091A80329A00746537 /* Dictionary.swift */ = {isa = PBXFileReference; fileEncoding = 4; lastKnownFileType = sourcecode.swift; path = Dictionary.swift; sourceTree = "<group>"; };
		DDD4ED0C1A80336700746537 /* DictionaryExtensionSpec.swift */ = {isa = PBXFileReference; fileEncoding = 4; lastKnownFileType = sourcecode.swift; path = DictionaryExtensionSpec.swift; sourceTree = "<group>"; };
		DDF520921B28355A00D4E383 /* Fabric.framework */ = {isa = PBXFileReference; lastKnownFileType = wrapper.framework; path = Fabric.framework; sourceTree = "<group>"; };
		DDF6C4141B114C30000E698A /* GlobalConstants.swift */ = {isa = PBXFileReference; fileEncoding = 4; lastKnownFileType = sourcecode.swift; path = GlobalConstants.swift; sourceTree = "<group>"; };
/* End PBXFileReference section */

/* Begin PBXFrameworksBuildPhase section */
		DDAFFE8A1A7C0679003DCCBD /* Frameworks */ = {
			isa = PBXFrameworksBuildPhase;
			buildActionMask = 2147483647;
			files = (
				DDF520941B28359300D4E383 /* Fabric.framework in Frameworks */,
				DDB5F7481A7DA23B006F3F3E /* SystemConfiguration.framework in Frameworks */,
				DD1166D41B25A1B400A8BCF0 /* Crashlytics.framework in Frameworks */,
				DDB5F7461A7DA234006F3F3E /* Security.framework in Frameworks */,
				DDB5F7441A7DA230006F3F3E /* QuickLook.framework in Frameworks */,
				DDB5F7421A7DA227006F3F3E /* QuartzCore.framework in Frameworks */,
				DDB5F7401A7DA221006F3F3E /* MobileCoreServices.framework in Frameworks */,
				DDB5F73E1A7DA21C006F3F3E /* CoreText.framework in Frameworks */,
				DDB5F73C1A7DA216006F3F3E /* CoreGraphics.framework in Frameworks */,
				DDB5F73A1A7DA210006F3F3E /* AssetsLibrary.framework in Frameworks */,
				91F937BC85D7C62B5EDBC723 /* Pods_iSickbeard.framework in Frameworks */,
			);
			runOnlyForDeploymentPostprocessing = 0;
		};
		DDAFFE9F1A7C067A003DCCBD /* Frameworks */ = {
			isa = PBXFrameworksBuildPhase;
			buildActionMask = 2147483647;
			files = (
				2C5368C61ACC1710D6958389 /* Pods_iSickbeardTests.framework in Frameworks */,
			);
			runOnlyForDeploymentPostprocessing = 0;
		};
/* End PBXFrameworksBuildPhase section */

/* Begin PBXGroup section */
		3EF7455F1AE4CCBE112FB8F3 /* Frameworks */ = {
			isa = PBXGroup;
			children = (
				DDF520921B28355A00D4E383 /* Fabric.framework */,
				DD1166D31B25A1B400A8BCF0 /* Crashlytics.framework */,
				DDB5F7471A7DA23B006F3F3E /* SystemConfiguration.framework */,
				DDB5F7451A7DA234006F3F3E /* Security.framework */,
				DDB5F7431A7DA230006F3F3E /* QuickLook.framework */,
				DDB5F7411A7DA227006F3F3E /* QuartzCore.framework */,
				DDB5F73F1A7DA221006F3F3E /* MobileCoreServices.framework */,
				DDB5F73D1A7DA21C006F3F3E /* CoreText.framework */,
				DDB5F73B1A7DA216006F3F3E /* CoreGraphics.framework */,
				DDB5F7391A7DA210006F3F3E /* AssetsLibrary.framework */,
				BD536AE6A1B06DC940DD83F9 /* Pods_iSickbeard.framework */,
				4D73DED24AA33B71B0B8C3C5 /* Pods_iSickbeardTests.framework */,
			);
			name = Frameworks;
			sourceTree = "<group>";
		};
		9B72DE4BAFA225FBE9826066 /* Pods */ = {
			isa = PBXGroup;
			children = (
				556C313941A1C5B6E3200B57 /* Pods-iSickbeard.debug.xcconfig */,
				DD410F501A7D044800F98B08 /* Pods-iSickbeard.adhoc.xcconfig */,
				DD7114491B073F0700926EEC /* Pods-iSickbeard.appstore.xcconfig */,
				3B137B53C5F25F62E434ACCB /* Pods-iSickbeardTests.debug.xcconfig */,
				18DEDD08550BD7494A24624D /* Pods-iSickbeardTests.adhoc.xcconfig */,
				DD7114471B073ECE00926EEC /* Pods-iSickbeardTests.appstore.xcconfig */,
			);
			name = Pods;
			sourceTree = "<group>";
		};
		DD3FF42A1A7EE47D00941D39 /* Extensions */ = {
			isa = PBXGroup;
			children = (
				DD3FF4301A7EE67800941D39 /* String.swift */,
				DDD4ED091A80329A00746537 /* Dictionary.swift */,
				DD941D2B1B26448B00031D10 /* NSBundle.swift */,
			);
			path = Extensions;
			sourceTree = "<group>";
		};
		DD3FF4331A7EE6D300941D39 /* Protocols */ = {
			isa = PBXGroup;
			children = (
				DD3FF4341A7EE72700941D39 /* DictionaryConvertible.swift */,
			);
			path = Protocols;
			sourceTree = "<group>";
		};
		DD6331CF1A7E4E540029E25A /* Providers */ = {
			isa = PBXGroup;
			children = (
				DD6331D11A7E4EEA0029E25A /* Sickbeard.swift */,
			);
			name = Providers;
			path = Router;
			sourceTree = "<group>";
		};
		DDAFFE841A7C0679003DCCBD = {
			isa = PBXGroup;
			children = (
				DDAFFEBC1A7C141A003DCCBD /* LauchScreen */,
				DDAFFE8F1A7C0679003DCCBD /* iSickbeard */,
				DDAFFEA51A7C067A003DCCBD /* iSickbeardTests */,
				DDAFFE8E1A7C0679003DCCBD /* Products */,
				9B72DE4BAFA225FBE9826066 /* Pods */,
				3EF7455F1AE4CCBE112FB8F3 /* Frameworks */,
			);
			sourceTree = "<group>";
		};
		DDAFFE8E1A7C0679003DCCBD /* Products */ = {
			isa = PBXGroup;
			children = (
				DDAFFE8D1A7C0679003DCCBD /* iSickbeard.app */,
				DDAFFEA21A7C067A003DCCBD /* iSickbeardTests.xctest */,
			);
			name = Products;
			sourceTree = "<group>";
		};
		DDAFFE8F1A7C0679003DCCBD /* iSickbeard */ = {
			isa = PBXGroup;
			children = (
				DDAFFEB21A7C1210003DCCBD /* AppDelegate */,
				DDAFFEB31A7C1210003DCCBD /* Classes */,
				DDAFFE961A7C0679003DCCBD /* Main.storyboard */,
				DDAFFE991A7C0679003DCCBD /* Images.xcassets */,
				DDAFFE9B1A7C0679003DCCBD /* LaunchScreen.xib */,
				DDAFFE901A7C0679003DCCBD /* Supporting Files */,
			);
			path = iSickbeard;
			sourceTree = "<group>";
		};
		DDAFFE901A7C0679003DCCBD /* Supporting Files */ = {
			isa = PBXGroup;
			children = (
				DDAFFE911A7C0679003DCCBD /* Info.plist */,
			);
			name = "Supporting Files";
			sourceTree = "<group>";
		};
		DDAFFEA51A7C067A003DCCBD /* iSickbeardTests */ = {
			isa = PBXGroup;
			children = (
				DDAFFEA61A7C067A003DCCBD /* Supporting Files */,
				DD3FF4181A7EAE4500941D39 /* ServerSpec.swift */,
				DD3FF41D1A7ED65700941D39 /* ShowSpec.swift */,
				DD3FF4251A7EE1A200941D39 /* EpisodeSpec.swift */,
				DD3FF42E1A7EE4B900941D39 /* StringExtensionsSpec.swift */,
				DDD4ED0C1A80336700746537 /* DictionaryExtensionSpec.swift */,
			);
			path = iSickbeardTests;
			sourceTree = "<group>";
		};
		DDAFFEA61A7C067A003DCCBD /* Supporting Files */ = {
			isa = PBXGroup;
			children = (
				DDAFFEA71A7C067A003DCCBD /* Info.plist */,
			);
			name = "Supporting Files";
			sourceTree = "<group>";
		};
		DDAFFEB21A7C1210003DCCBD /* AppDelegate */ = {
			isa = PBXGroup;
			children = (
				DDAFFEB81A7C1246003DCCBD /* AppDelegate.swift */,
			);
			path = AppDelegate;
			sourceTree = "<group>";
		};
		DDAFFEB31A7C1210003DCCBD /* Classes */ = {
			isa = PBXGroup;
			children = (
				DDAFFEB41A7C1210003DCCBD /* Controllers */,
				DDAFFEB51A7C1210003DCCBD /* Datasources */,
				DD3FF42A1A7EE47D00941D39 /* Extensions */,
				DDAFFEB61A7C1210003DCCBD /* Models */,
				DD3FF4331A7EE6D300941D39 /* Protocols */,
				DD6331CF1A7E4E540029E25A /* Providers */,
				DDF6C4131B114C1D000E698A /* Util */,
				DDAFFEB71A7C1210003DCCBD /* Views */,
			);
			path = Classes;
			sourceTree = "<group>";
		};
		DDAFFEB41A7C1210003DCCBD /* Controllers */ = {
			isa = PBXGroup;
			children = (
				DDAFFEBA1A7C1268003DCCBD /* AboutViewController.swift */,
			);
			path = Controllers;
			sourceTree = "<group>";
		};
		DDAFFEB51A7C1210003DCCBD /* Datasources */ = {
			isa = PBXGroup;
			children = (
			);
			path = Datasources;
			sourceTree = "<group>";
		};
		DDAFFEB61A7C1210003DCCBD /* Models */ = {
			isa = PBXGroup;
			children = (
				DDAFFEBD1A7C22AF003DCCBD /* Server.swift */,
				DDAFFEBF1A7C3DD2003DCCBD /* Show.swift */,
				DD7AD6371A7CD39400477A48 /* QualitySetting.swift */,
				DD3FF4221A7EDA7500941D39 /* EpisodeStatus.swift */,
				DD3FF41F1A7ED9A300941D39 /* Episode.swift */,
			);
			path = Models;
			sourceTree = "<group>";
		};
		DDAFFEB71A7C1210003DCCBD /* Views */ = {
			isa = PBXGroup;
			children = (
			);
			path = Views;
			sourceTree = "<group>";
		};
		DDAFFEBC1A7C141A003DCCBD /* LauchScreen */ = {
			isa = PBXGroup;
			children = (
			);
			name = LauchScreen;
			path = iSickbeard/LauchScreen;
			sourceTree = "<group>";
		};
		DDF6C4131B114C1D000E698A /* Util */ = {
			isa = PBXGroup;
			children = (
				DDF6C4141B114C30000E698A /* GlobalConstants.swift */,
			);
			path = Util;
			sourceTree = "<group>";
		};
/* End PBXGroup section */

/* Begin PBXNativeTarget section */
		DDAFFE8C1A7C0679003DCCBD /* iSickbeard */ = {
			isa = PBXNativeTarget;
			buildConfigurationList = DDAFFEAC1A7C067A003DCCBD /* Build configuration list for PBXNativeTarget "iSickbeard" */;
			buildPhases = (
				CF22D5B85C3F002C30D90231 /* Check Pods Manifest.lock */,
				DDAFFE891A7C0679003DCCBD /* Sources */,
				DDAFFE8A1A7C0679003DCCBD /* Frameworks */,
				DDAFFE8B1A7C0679003DCCBD /* Resources */,
				D3FCC2C1E20230AAE5DA0408 /* Copy Pods Resources */,
				C9C4BF263CF4121AE0A9EB06 /* Embed Pods Frameworks */,
				DD856D6F1B15ED2600529441 /* Bump GREENHOUSECI Version */,
				DD1166D21B25A0CF00A8BCF0 /* Crashlytics */,
			);
			buildRules = (
			);
			dependencies = (
			);
			name = iSickbeard;
			productName = iSickbeard;
			productReference = DDAFFE8D1A7C0679003DCCBD /* iSickbeard.app */;
			productType = "com.apple.product-type.application";
		};
		DDAFFEA11A7C067A003DCCBD /* iSickbeardTests */ = {
			isa = PBXNativeTarget;
			buildConfigurationList = DDAFFEAF1A7C067A003DCCBD /* Build configuration list for PBXNativeTarget "iSickbeardTests" */;
			buildPhases = (
				C078382CC81763AFE65B4F4A /* Check Pods Manifest.lock */,
				DDAFFE9E1A7C067A003DCCBD /* Sources */,
				DDAFFE9F1A7C067A003DCCBD /* Frameworks */,
				DDAFFEA01A7C067A003DCCBD /* Resources */,
				72F56A355BE2D4B88B56D368 /* Embed Pods Frameworks */,
				B748ACCD305E62B4C2182A71 /* Copy Pods Resources */,
			);
			buildRules = (
			);
			dependencies = (
				DDAFFEA41A7C067A003DCCBD /* PBXTargetDependency */,
			);
			name = iSickbeardTests;
			productName = iSickbeardTests;
			productReference = DDAFFEA21A7C067A003DCCBD /* iSickbeardTests.xctest */;
			productType = "com.apple.product-type.bundle.unit-test";
		};
/* End PBXNativeTarget section */

/* Begin PBXProject section */
		DDAFFE851A7C0679003DCCBD /* Project object */ = {
			isa = PBXProject;
			attributes = {
				LastUpgradeCheck = 0630;
				ORGANIZATIONNAME = "Carlos Santos";
				TargetAttributes = {
					DDAFFE8C1A7C0679003DCCBD = {
						CreatedOnToolsVersion = 6.1.1;
					};
					DDAFFEA11A7C067A003DCCBD = {
						CreatedOnToolsVersion = 6.1.1;
						TestTargetID = DDAFFE8C1A7C0679003DCCBD;
					};
				};
			};
			buildConfigurationList = DDAFFE881A7C0679003DCCBD /* Build configuration list for PBXProject "iSickbeard" */;
			compatibilityVersion = "Xcode 3.2";
			developmentRegion = English;
			hasScannedForEncodings = 0;
			knownRegions = (
				en,
				Base,
			);
			mainGroup = DDAFFE841A7C0679003DCCBD;
			productRefGroup = DDAFFE8E1A7C0679003DCCBD /* Products */;
			projectDirPath = "";
			projectRoot = "";
			targets = (
				DDAFFE8C1A7C0679003DCCBD /* iSickbeard */,
				DDAFFEA11A7C067A003DCCBD /* iSickbeardTests */,
			);
		};
/* End PBXProject section */

/* Begin PBXResourcesBuildPhase section */
		DDAFFE8B1A7C0679003DCCBD /* Resources */ = {
			isa = PBXResourcesBuildPhase;
			buildActionMask = 2147483647;
			files = (
				DDAFFE981A7C0679003DCCBD /* Main.storyboard in Resources */,
				DDAFFE9D1A7C0679003DCCBD /* LaunchScreen.xib in Resources */,
				DDAFFE9A1A7C0679003DCCBD /* Images.xcassets in Resources */,
			);
			runOnlyForDeploymentPostprocessing = 0;
		};
		DDAFFEA01A7C067A003DCCBD /* Resources */ = {
			isa = PBXResourcesBuildPhase;
			buildActionMask = 2147483647;
			files = (
			);
			runOnlyForDeploymentPostprocessing = 0;
		};
/* End PBXResourcesBuildPhase section */

/* Begin PBXShellScriptBuildPhase section */
		72F56A355BE2D4B88B56D368 /* Embed Pods Frameworks */ = {
			isa = PBXShellScriptBuildPhase;
			buildActionMask = 2147483647;
			files = (
			);
			inputPaths = (
			);
			name = "Embed Pods Frameworks";
			outputPaths = (
			);
			runOnlyForDeploymentPostprocessing = 0;
			shellPath = /bin/sh;
			shellScript = "\"${SRCROOT}/../Pods/Target Support Files/Pods-iSickbeardTests/Pods-iSickbeardTests-frameworks.sh\"\n";
			showEnvVarsInLog = 0;
		};
		B748ACCD305E62B4C2182A71 /* Copy Pods Resources */ = {
			isa = PBXShellScriptBuildPhase;
			buildActionMask = 2147483647;
			files = (
			);
			inputPaths = (
			);
			name = "Copy Pods Resources";
			outputPaths = (
			);
			runOnlyForDeploymentPostprocessing = 0;
			shellPath = /bin/sh;
			shellScript = "\"${SRCROOT}/../Pods/Target Support Files/Pods-iSickbeardTests/Pods-iSickbeardTests-resources.sh\"\n";
			showEnvVarsInLog = 0;
		};
		C078382CC81763AFE65B4F4A /* Check Pods Manifest.lock */ = {
			isa = PBXShellScriptBuildPhase;
			buildActionMask = 2147483647;
			files = (
			);
			inputPaths = (
			);
			name = "Check Pods Manifest.lock";
			outputPaths = (
			);
			runOnlyForDeploymentPostprocessing = 0;
			shellPath = /bin/sh;
			shellScript = "diff \"${PODS_ROOT}/../Podfile.lock\" \"${PODS_ROOT}/Manifest.lock\" > /dev/null\nif [[ $? != 0 ]] ; then\n    cat << EOM\nerror: The sandbox is not in sync with the Podfile.lock. Run 'pod install' or update your CocoaPods installation.\nEOM\n    exit 1\nfi\n";
			showEnvVarsInLog = 0;
		};
		C9C4BF263CF4121AE0A9EB06 /* Embed Pods Frameworks */ = {
			isa = PBXShellScriptBuildPhase;
			buildActionMask = 2147483647;
			files = (
			);
			inputPaths = (
			);
			name = "Embed Pods Frameworks";
			outputPaths = (
			);
			runOnlyForDeploymentPostprocessing = 0;
			shellPath = /bin/sh;
			shellScript = "\"${SRCROOT}/../Pods/Target Support Files/Pods-iSickbeard/Pods-iSickbeard-frameworks.sh\"\n";
			showEnvVarsInLog = 0;
		};
		CF22D5B85C3F002C30D90231 /* Check Pods Manifest.lock */ = {
			isa = PBXShellScriptBuildPhase;
			buildActionMask = 2147483647;
			files = (
			);
			inputPaths = (
			);
			name = "Check Pods Manifest.lock";
			outputPaths = (
			);
			runOnlyForDeploymentPostprocessing = 0;
			shellPath = /bin/sh;
			shellScript = "diff \"${PODS_ROOT}/../Podfile.lock\" \"${PODS_ROOT}/Manifest.lock\" > /dev/null\nif [[ $? != 0 ]] ; then\n    cat << EOM\nerror: The sandbox is not in sync with the Podfile.lock. Run 'pod install' or update your CocoaPods installation.\nEOM\n    exit 1\nfi\n";
			showEnvVarsInLog = 0;
		};
		D3FCC2C1E20230AAE5DA0408 /* Copy Pods Resources */ = {
			isa = PBXShellScriptBuildPhase;
			buildActionMask = 2147483647;
			files = (
			);
			inputPaths = (
			);
			name = "Copy Pods Resources";
			outputPaths = (
			);
			runOnlyForDeploymentPostprocessing = 0;
			shellPath = /bin/sh;
			shellScript = "\"${SRCROOT}/../Pods/Target Support Files/Pods-iSickbeard/Pods-iSickbeard-resources.sh\"\n";
			showEnvVarsInLog = 0;
		};
		DD1166D21B25A0CF00A8BCF0 /* Crashlytics */ = {
			isa = PBXShellScriptBuildPhase;
			buildActionMask = 2147483647;
			files = (
			);
			inputPaths = (
			);
			name = Crashlytics;
			outputPaths = (
			);
			runOnlyForDeploymentPostprocessing = 0;
			shellPath = /bin/sh;
			shellScript = "./Crashlytics.framework/run 47dde6c42d4c92a972cc244b76a9249bbda4e76d e666f492214fe31053193d887b4f028e7511522666084f9e9a03cbc27e84f908";
		};
		DD856D6F1B15ED2600529441 /* Bump GREENHOUSECI Version */ = {
			isa = PBXShellScriptBuildPhase;
			buildActionMask = 2147483647;
			files = (
			);
			inputPaths = (
			);
			name = "Bump GREENHOUSECI Version";
			outputPaths = (
			);
			runOnlyForDeploymentPostprocessing = 0;
			shellPath = /bin/sh;
			shellScript = "\"${SRCROOT}/../scripts/greenhouseci_version_bump.sh\"";
		};
/* End PBXShellScriptBuildPhase section */

/* Begin PBXSourcesBuildPhase section */
		DDAFFE891A7C0679003DCCBD /* Sources */ = {
			isa = PBXSourcesBuildPhase;
			buildActionMask = 2147483647;
			files = (
				DD941D2C1B26448B00031D10 /* NSBundle.swift in Sources */,
				DD7AD6381A7CD39400477A48 /* QualitySetting.swift in Sources */,
				DD3FF4351A7EE72700941D39 /* DictionaryConvertible.swift in Sources */,
				DDAFFEBB1A7C1268003DCCBD /* AboutViewController.swift in Sources */,
				DD3FF4201A7ED9A300941D39 /* Episode.swift in Sources */,
				DDD4ED0A1A80329A00746537 /* Dictionary.swift in Sources */,
				DD3FF4311A7EE67800941D39 /* String.swift in Sources */,
				DD3FF4231A7EDA7500941D39 /* EpisodeStatus.swift in Sources */,
				DDAFFEBE1A7C22AF003DCCBD /* Server.swift in Sources */,
				DDAFFEC01A7C3DD2003DCCBD /* Show.swift in Sources */,
				DD6331D21A7E4EEA0029E25A /* Sickbeard.swift in Sources */,
				DDAFFEB91A7C1246003DCCBD /* AppDelegate.swift in Sources */,
				DDF6C4151B114C30000E698A /* GlobalConstants.swift in Sources */,
			);
			runOnlyForDeploymentPostprocessing = 0;
		};
		DDAFFE9E1A7C067A003DCCBD /* Sources */ = {
			isa = PBXSourcesBuildPhase;
			buildActionMask = 2147483647;
			files = (
				DD3FF4261A7EE1A200941D39 /* EpisodeSpec.swift in Sources */,
				DD3FF41B1A7EAEE400941D39 /* Show.swift in Sources */,
				DD3FF4321A7EE67800941D39 /* String.swift in Sources */,
				DD3FF42F1A7EE4B900941D39 /* StringExtensionsSpec.swift in Sources */,
				DDF6C41A1B11D29B000E698A /* GlobalConstants.swift in Sources */,
				DD3FF4211A7ED9A300941D39 /* Episode.swift in Sources */,
				DDD4ED0B1A80329A00746537 /* Dictionary.swift in Sources */,
				DD3FF4241A7EDA7500941D39 /* EpisodeStatus.swift in Sources */,
				DD3FF41A1A7EAEE000941D39 /* Server.swift in Sources */,
				DD3FF4361A7EE72700941D39 /* DictionaryConvertible.swift in Sources */,
				DDD4ED0D1A80336700746537 /* DictionaryExtensionSpec.swift in Sources */,
				DD3FF41E1A7ED65700941D39 /* ShowSpec.swift in Sources */,
				DD3FF41C1A7EAEE400941D39 /* QualitySetting.swift in Sources */,
				DD3FF4191A7EAE4500941D39 /* ServerSpec.swift in Sources */,
			);
			runOnlyForDeploymentPostprocessing = 0;
		};
/* End PBXSourcesBuildPhase section */

/* Begin PBXTargetDependency section */
		DDAFFEA41A7C067A003DCCBD /* PBXTargetDependency */ = {
			isa = PBXTargetDependency;
			target = DDAFFE8C1A7C0679003DCCBD /* iSickbeard */;
			targetProxy = DDAFFEA31A7C067A003DCCBD /* PBXContainerItemProxy */;
		};
/* End PBXTargetDependency section */

/* Begin PBXVariantGroup section */
		DDAFFE961A7C0679003DCCBD /* Main.storyboard */ = {
			isa = PBXVariantGroup;
			children = (
				DDAFFE971A7C0679003DCCBD /* Base */,
			);
			name = Main.storyboard;
			sourceTree = "<group>";
		};
		DDAFFE9B1A7C0679003DCCBD /* LaunchScreen.xib */ = {
			isa = PBXVariantGroup;
			children = (
				DDAFFE9C1A7C0679003DCCBD /* Base */,
			);
			name = LaunchScreen.xib;
			sourceTree = "<group>";
		};
/* End PBXVariantGroup section */

/* Begin XCBuildConfiguration section */
		DD410F4D1A7CF0FB00F98B08 /* AdHoc */ = {
			isa = XCBuildConfiguration;
			buildSettings = {
				ALWAYS_SEARCH_USER_PATHS = NO;
				CLANG_CXX_LANGUAGE_STANDARD = "gnu++0x";
				CLANG_CXX_LIBRARY = "libc++";
				CLANG_ENABLE_MODULES = YES;
				CLANG_ENABLE_OBJC_ARC = YES;
				CLANG_WARN_BOOL_CONVERSION = YES;
				CLANG_WARN_CONSTANT_CONVERSION = YES;
				CLANG_WARN_DIRECT_OBJC_ISA_USAGE = YES_ERROR;
				CLANG_WARN_EMPTY_BODY = YES;
				CLANG_WARN_ENUM_CONVERSION = YES;
				CLANG_WARN_INT_CONVERSION = YES;
				CLANG_WARN_OBJC_ROOT_CLASS = YES_ERROR;
				CLANG_WARN_UNREACHABLE_CODE = YES;
				CLANG_WARN__DUPLICATE_METHOD_MATCH = YES;
				"CODE_SIGN_IDENTITY[sdk=iphoneos*]" = "iPhone Developer";
				COPY_PHASE_STRIP = YES;
				ENABLE_NS_ASSERTIONS = NO;
				ENABLE_STRICT_OBJC_MSGSEND = YES;
				GCC_C_LANGUAGE_STANDARD = gnu99;
				GCC_WARN_64_TO_32_BIT_CONVERSION = YES;
				GCC_WARN_ABOUT_RETURN_TYPE = YES_ERROR;
				GCC_WARN_UNDECLARED_SELECTOR = YES;
				GCC_WARN_UNINITIALIZED_AUTOS = YES_AGGRESSIVE;
				GCC_WARN_UNUSED_FUNCTION = YES;
				GCC_WARN_UNUSED_VARIABLE = YES;
				IPHONEOS_DEPLOYMENT_TARGET = 8.3;
				MTL_ENABLE_DEBUG_INFO = NO;
				OTHER_SWIFT_FLAGS = "$(inherited)";
				SDKROOT = iphoneos;
				TARGETED_DEVICE_FAMILY = "1,2";
				VALIDATE_PRODUCT = YES;
			};
			name = AdHoc;
		};
		DD410F4E1A7CF0FB00F98B08 /* AdHoc */ = {
			isa = XCBuildConfiguration;
			baseConfigurationReference = DD410F501A7D044800F98B08 /* Pods-iSickbeard.adhoc.xcconfig */;
			buildSettings = {
				APP_ID = "info.crsantos.$(PRODUCT_NAME:rfc1034identifier).adhoc";
				ASSETCATALOG_COMPILER_APPICON_NAME = AppIcon;
				"CODE_SIGN_IDENTITY[sdk=iphoneos*]" = "iPhone Distribution: Betfair Limited";
				CURRENT_PROJECT_VERSION = 2;
				FRAMEWORK_SEARCH_PATHS = (
					"$(inherited)",
					"$(PROJECT_DIR)",
					/Users/carlossantos/dev/stepz,
				);
				GCC_PREPROCESSOR_DEFINITIONS = (
					"$(inherited)",
					"COCOAPODS=1",
				);
				INFOPLIST_FILE = iSickbeard/Info.plist;
				LD_RUNPATH_SEARCH_PATHS = "$(inherited) @executable_path/Frameworks";
				OTHER_SWIFT_FLAGS = "-DADHOC $(inherited)";
				PRODUCT_NAME = "$(TARGET_NAME)";
				PROVISIONING_PROFILE = "78181996-17EF-4A1F-A804-76B12372EDD9";
				VERSIONING_SYSTEM = "apple-generic";
			};
			name = AdHoc;
		};
		DD410F4F1A7CF0FB00F98B08 /* AdHoc */ = {
			isa = XCBuildConfiguration;
			baseConfigurationReference = 18DEDD08550BD7494A24624D /* Pods-iSickbeardTests.adhoc.xcconfig */;
			buildSettings = {
				BUNDLE_LOADER = "$(TEST_HOST)";
				FRAMEWORK_SEARCH_PATHS = (
					"$(SDKROOT)/Developer/Library/Frameworks",
					"$(inherited)",
				);
				INFOPLIST_FILE = iSickbeardTests/Info.plist;
				LD_RUNPATH_SEARCH_PATHS = "$(inherited) @executable_path/Frameworks @loader_path/Frameworks";
				PRODUCT_NAME = "$(TARGET_NAME)";
				TEST_HOST = "$(BUILT_PRODUCTS_DIR)/iSickbeard.app/iSickbeard";
			};
			name = AdHoc;
		};
		DDAFFEAA1A7C067A003DCCBD /* Debug */ = {
			isa = XCBuildConfiguration;
			buildSettings = {
				ALWAYS_SEARCH_USER_PATHS = NO;
				CLANG_CXX_LANGUAGE_STANDARD = "gnu++0x";
				CLANG_CXX_LIBRARY = "libc++";
				CLANG_ENABLE_MODULES = YES;
				CLANG_ENABLE_OBJC_ARC = YES;
				CLANG_WARN_BOOL_CONVERSION = YES;
				CLANG_WARN_CONSTANT_CONVERSION = YES;
				CLANG_WARN_DIRECT_OBJC_ISA_USAGE = YES_ERROR;
				CLANG_WARN_EMPTY_BODY = YES;
				CLANG_WARN_ENUM_CONVERSION = YES;
				CLANG_WARN_INT_CONVERSION = YES;
				CLANG_WARN_OBJC_ROOT_CLASS = YES_ERROR;
				CLANG_WARN_UNREACHABLE_CODE = YES;
				CLANG_WARN__DUPLICATE_METHOD_MATCH = YES;
				"CODE_SIGN_IDENTITY[sdk=iphoneos*]" = "iPhone Developer";
				COPY_PHASE_STRIP = NO;
				ENABLE_STRICT_OBJC_MSGSEND = YES;
				GCC_C_LANGUAGE_STANDARD = gnu99;
				GCC_DYNAMIC_NO_PIC = NO;
				GCC_GENERATE_TEST_COVERAGE_FILES = YES;
				GCC_OPTIMIZATION_LEVEL = 0;
				GCC_PREPROCESSOR_DEFINITIONS = (
					"DEBUG=1",
					"$(inherited)",
				);
				GCC_SYMBOLS_PRIVATE_EXTERN = NO;
				GCC_WARN_64_TO_32_BIT_CONVERSION = YES;
				GCC_WARN_ABOUT_RETURN_TYPE = YES_ERROR;
				GCC_WARN_UNDECLARED_SELECTOR = YES;
				GCC_WARN_UNINITIALIZED_AUTOS = YES_AGGRESSIVE;
				GCC_WARN_UNUSED_FUNCTION = YES;
				GCC_WARN_UNUSED_VARIABLE = YES;
				IPHONEOS_DEPLOYMENT_TARGET = 8.3;
				MTL_ENABLE_DEBUG_INFO = YES;
				ONLY_ACTIVE_ARCH = YES;
				OTHER_SWIFT_FLAGS = "$(inherited)";
				SDKROOT = iphoneos;
				SWIFT_OPTIMIZATION_LEVEL = "-Onone";
				TARGETED_DEVICE_FAMILY = "1,2";
			};
			name = Debug;
		};
		DDAFFEAB1A7C067A003DCCBD /* AppStore */ = {
			isa = XCBuildConfiguration;
			buildSettings = {
				ALWAYS_SEARCH_USER_PATHS = NO;
				CLANG_CXX_LANGUAGE_STANDARD = "gnu++0x";
				CLANG_CXX_LIBRARY = "libc++";
				CLANG_ENABLE_MODULES = YES;
				CLANG_ENABLE_OBJC_ARC = YES;
				CLANG_WARN_BOOL_CONVERSION = YES;
				CLANG_WARN_CONSTANT_CONVERSION = YES;
				CLANG_WARN_DIRECT_OBJC_ISA_USAGE = YES_ERROR;
				CLANG_WARN_EMPTY_BODY = YES;
				CLANG_WARN_ENUM_CONVERSION = YES;
				CLANG_WARN_INT_CONVERSION = YES;
				CLANG_WARN_OBJC_ROOT_CLASS = YES_ERROR;
				CLANG_WARN_UNREACHABLE_CODE = YES;
				CLANG_WARN__DUPLICATE_METHOD_MATCH = YES;
				"CODE_SIGN_IDENTITY[sdk=iphoneos*]" = "iPhone Developer";
				COPY_PHASE_STRIP = YES;
				ENABLE_NS_ASSERTIONS = NO;
				ENABLE_STRICT_OBJC_MSGSEND = YES;
				GCC_C_LANGUAGE_STANDARD = gnu99;
				GCC_WARN_64_TO_32_BIT_CONVERSION = YES;
				GCC_WARN_ABOUT_RETURN_TYPE = YES_ERROR;
				GCC_WARN_UNDECLARED_SELECTOR = YES;
				GCC_WARN_UNINITIALIZED_AUTOS = YES_AGGRESSIVE;
				GCC_WARN_UNUSED_FUNCTION = YES;
				GCC_WARN_UNUSED_VARIABLE = YES;
				IPHONEOS_DEPLOYMENT_TARGET = 8.3;
				MTL_ENABLE_DEBUG_INFO = NO;
				OTHER_SWIFT_FLAGS = "$(inherited)";
				SDKROOT = iphoneos;
				TARGETED_DEVICE_FAMILY = "1,2";
				VALIDATE_PRODUCT = YES;
			};
			name = AppStore;
		};
		DDAFFEAD1A7C067A003DCCBD /* Debug */ = {
			isa = XCBuildConfiguration;
			baseConfigurationReference = 556C313941A1C5B6E3200B57 /* Pods-iSickbeard.debug.xcconfig */;
			buildSettings = {
				APP_ID = "info.crsantos.$(PRODUCT_NAME:rfc1034identifier).debug";
				ASSETCATALOG_COMPILER_APPICON_NAME = AppIcon;
				CURRENT_PROJECT_VERSION = 2;
				FRAMEWORK_SEARCH_PATHS = (
					"$(inherited)",
					"$(PROJECT_DIR)",
					/Users/carlossantos/dev/stepz,
				);
				INFOPLIST_FILE = iSickbeard/Info.plist;
				LD_RUNPATH_SEARCH_PATHS = "$(inherited) @executable_path/Frameworks";
				PRODUCT_NAME = "$(TARGET_NAME)";
				VERSIONING_SYSTEM = "apple-generic";
			};
			name = Debug;
		};
		DDAFFEAE1A7C067A003DCCBD /* AppStore */ = {
			isa = XCBuildConfiguration;
			baseConfigurationReference = DD7114491B073F0700926EEC /* Pods-iSickbeard.appstore.xcconfig */;
			buildSettings = {
				APP_ID = "info.crsantos.$(PRODUCT_NAME:rfc1034identifier)";
				ASSETCATALOG_COMPILER_APPICON_NAME = AppIcon;
				"CODE_SIGN_IDENTITY[sdk=iphoneos*]" = "iPhone Distribution";
				CURRENT_PROJECT_VERSION = 2;
				FRAMEWORK_SEARCH_PATHS = (
					"$(inherited)",
					"$(PROJECT_DIR)",
					/Users/carlossantos/dev/stepz,
				);
				INFOPLIST_FILE = iSickbeard/Info.plist;
				LD_RUNPATH_SEARCH_PATHS = "$(inherited) @executable_path/Frameworks";
				PRODUCT_NAME = "$(TARGET_NAME)";
				VERSIONING_SYSTEM = "apple-generic";
			};
			name = AppStore;
		};
		DDAFFEB01A7C067A003DCCBD /* Debug */ = {
			isa = XCBuildConfiguration;
			baseConfigurationReference = 3B137B53C5F25F62E434ACCB /* Pods-iSickbeardTests.debug.xcconfig */;
			buildSettings = {
				BUNDLE_LOADER = "$(TEST_HOST)";
				FRAMEWORK_SEARCH_PATHS = (
					"$(SDKROOT)/Developer/Library/Frameworks",
					"$(inherited)",
				);
				GCC_PREPROCESSOR_DEFINITIONS = (
					"DEBUG=1",
					"$(inherited)",
				);
				INFOPLIST_FILE = iSickbeardTests/Info.plist;
				LD_RUNPATH_SEARCH_PATHS = "$(inherited) @executable_path/Frameworks @loader_path/Frameworks";
				PRODUCT_NAME = "$(TARGET_NAME)";
				TEST_HOST = "$(BUILT_PRODUCTS_DIR)/iSickbeard.app/iSickbeard";
			};
			name = Debug;
		};
		DDAFFEB11A7C067A003DCCBD /* AppStore */ = {
			isa = XCBuildConfiguration;
			baseConfigurationReference = DD7114471B073ECE00926EEC /* Pods-iSickbeardTests.appstore.xcconfig */;
			buildSettings = {
				BUNDLE_LOADER = "$(TEST_HOST)";
				FRAMEWORK_SEARCH_PATHS = (
					"$(SDKROOT)/Developer/Library/Frameworks",
					"$(inherited)",
				);
				INFOPLIST_FILE = iSickbeardTests/Info.plist;
				LD_RUNPATH_SEARCH_PATHS = "$(inherited) @executable_path/Frameworks @loader_path/Frameworks";
				PRODUCT_NAME = "$(TARGET_NAME)";
				TEST_HOST = "$(BUILT_PRODUCTS_DIR)/iSickbeard.app/iSickbeard";
			};
			name = AppStore;
		};
/* End XCBuildConfiguration section */

/* Begin XCConfigurationList section */
		DDAFFE881A7C0679003DCCBD /* Build configuration list for PBXProject "iSickbeard" */ = {
			isa = XCConfigurationList;
			buildConfigurations = (
				DDAFFEAA1A7C067A003DCCBD /* Debug */,
				DDAFFEAB1A7C067A003DCCBD /* AppStore */,
				DD410F4D1A7CF0FB00F98B08 /* AdHoc */,
			);
			defaultConfigurationIsVisible = 0;
			defaultConfigurationName = AdHoc;
		};
		DDAFFEAC1A7C067A003DCCBD /* Build configuration list for PBXNativeTarget "iSickbeard" */ = {
			isa = XCConfigurationList;
			buildConfigurations = (
				DDAFFEAD1A7C067A003DCCBD /* Debug */,
				DDAFFEAE1A7C067A003DCCBD /* AppStore */,
				DD410F4E1A7CF0FB00F98B08 /* AdHoc */,
			);
			defaultConfigurationIsVisible = 0;
			defaultConfigurationName = AdHoc;
		};
		DDAFFEAF1A7C067A003DCCBD /* Build configuration list for PBXNativeTarget "iSickbeardTests" */ = {
			isa = XCConfigurationList;
			buildConfigurations = (
				DDAFFEB01A7C067A003DCCBD /* Debug */,
				DDAFFEB11A7C067A003DCCBD /* AppStore */,
				DD410F4F1A7CF0FB00F98B08 /* AdHoc */,
			);
			defaultConfigurationIsVisible = 0;
			defaultConfigurationName = AdHoc;
		};
/* End XCConfigurationList section */
	};
	rootObject = DDAFFE851A7C0679003DCCBD /* Project object */;
}
